Microsoft Visual Studio Solution File, Format Version 12.00
# Visual Studio Version 17
VisualStudioVersion = 17.2.32210.308
MinimumVisualStudioVersion = 15.0.26124.0
Project("{2150E333-8FDC-42A3-9474-1A3956D46DE8}") = "Source", "Source", "{43A5DE26-671E-44FE-B329-4D2277C8F34D}"
EndProject
Project("{2150E333-8FDC-42A3-9474-1A3956D46DE8}") = "Platforms", "Platforms", "{3B7D8B7F-F3B0-4517-B99B-78528C9CBC3C}"
EndProject
Project("{9A19103F-16F7-4668-BE54-9A1E7A4F7556}") = "TelerikEmbeddingSample", "TelerikEmbeddingSample\TelerikEmbeddingSample.csproj", "{14745E79-0887-490C-B792-F735E40F6DC6}"
EndProject
Project("{9A19103F-16F7-4668-BE54-9A1E7A4F7556}") = "TelerikEmbeddingSample.Base", "TelerikEmbeddingSample.Base\TelerikEmbeddingSample.Base.csproj", "{2189102C-8698-4760-A2C5-ADED686F84E2}"
EndProject
Project("{9A19103F-16F7-4668-BE54-9A1E7A4F7556}") = "TelerikEmbeddingSample.Mobile", "TelerikEmbeddingSample.Mobile\TelerikEmbeddingSample.Mobile.csproj", "{5A2C8846-3341-4137-900C-99656C900ED8}"
EndProject
Project("{9A19103F-16F7-4668-BE54-9A1E7A4F7556}") = "TelerikEmbeddingSample.Windows", "TelerikEmbeddingSample.Windows\TelerikEmbeddingSample.Windows.csproj", "{F0E0AD11-B511-4311-831D-199EAC9FE286}"
EndProject
Project("{9A19103F-16F7-4668-BE54-9A1E7A4F7556}") = "TelerikEmbeddingSample.MauiControls", "TelerikEmbeddingSample.MauiControls\TelerikEmbeddingSample.MauiControls.csproj", "{60A46112-41E1-47BD-8FD1-95E5DBB372DC}"
EndProject
Project("{2150E333-8FDC-42A3-9474-1A3956D46DE8}") = "Solution Items", "Solution Items", "{BADA71DC-7FFD-4EDC-9F28-FB74AEADC713}"
	ProjectSection(SolutionItems) = preProject
		.gitignore = .gitignore
		Directory.Build.props = Directory.Build.props
		Directory.Build.targets = Directory.Build.targets
		Directory.Packages.props = Directory.Packages.props
		solution-config.props.sample = solution-config.props.sample
	EndProjectSection
EndProject
Project("{FAE04EC0-301F-11D3-BF4B-00C04F79EFBC}") = "TelerikEmbeddingSample.Models", "TelerikEmbeddingSample.Models\TelerikEmbeddingSample.Models.csproj", "{4B81C7B9-CC13-413C-ACC4-B5043E04F82A}"
EndProject
Global
	GlobalSection(SolutionConfigurationPlatforms) = preSolution
		Debug|Any CPU = Debug|Any CPU
		Debug|ARM = Debug|ARM
		Debug|ARM64 = Debug|ARM64
		Debug|iPhone = Debug|iPhone
		Debug|iPhoneSimulator = Debug|iPhoneSimulator
		Debug|x64 = Debug|x64
		Debug|x86 = Debug|x86
		Release|Any CPU = Release|Any CPU
		Release|ARM = Release|ARM
		Release|ARM64 = Release|ARM64
		Release|iPhone = Release|iPhone
		Release|iPhoneSimulator = Release|iPhoneSimulator
		Release|x64 = Release|x64
		Release|x86 = Release|x86
	EndGlobalSection
	GlobalSection(ProjectConfigurationPlatforms) = postSolution
		{14745E79-0887-490C-B792-F735E40F6DC6}.Debug|Any CPU.ActiveCfg = Debug|Any CPU
		{14745E79-0887-490C-B792-F735E40F6DC6}.Debug|Any CPU.Build.0 = Debug|Any CPU
		{14745E79-0887-490C-B792-F735E40F6DC6}.Debug|ARM.ActiveCfg = Debug|Any CPU
		{14745E79-0887-490C-B792-F735E40F6DC6}.Debug|ARM.Build.0 = Debug|Any CPU
		{14745E79-0887-490C-B792-F735E40F6DC6}.Debug|ARM64.ActiveCfg = Debug|Any CPU
		{14745E79-0887-490C-B792-F735E40F6DC6}.Debug|ARM64.Build.0 = Debug|Any CPU
		{14745E79-0887-490C-B792-F735E40F6DC6}.Debug|iPhone.ActiveCfg = Debug|Any CPU
		{14745E79-0887-490C-B792-F735E40F6DC6}.Debug|iPhone.Build.0 = Debug|Any CPU
		{14745E79-0887-490C-B792-F735E40F6DC6}.Debug|iPhoneSimulator.ActiveCfg = Debug|Any CPU
		{14745E79-0887-490C-B792-F735E40F6DC6}.Debug|iPhoneSimulator.Build.0 = Debug|Any CPU
		{14745E79-0887-490C-B792-F735E40F6DC6}.Debug|x64.ActiveCfg = Debug|Any CPU
		{14745E79-0887-490C-B792-F735E40F6DC6}.Debug|x64.Build.0 = Debug|Any CPU
		{14745E79-0887-490C-B792-F735E40F6DC6}.Debug|x86.ActiveCfg = Debug|Any CPU
		{14745E79-0887-490C-B792-F735E40F6DC6}.Debug|x86.Build.0 = Debug|Any CPU
		{14745E79-0887-490C-B792-F735E40F6DC6}.Release|Any CPU.ActiveCfg = Release|Any CPU
		{14745E79-0887-490C-B792-F735E40F6DC6}.Release|Any CPU.Build.0 = Release|Any CPU
		{14745E79-0887-490C-B792-F735E40F6DC6}.Release|ARM.ActiveCfg = Release|Any CPU
		{14745E79-0887-490C-B792-F735E40F6DC6}.Release|ARM.Build.0 = Release|Any CPU
		{14745E79-0887-490C-B792-F735E40F6DC6}.Release|ARM64.ActiveCfg = Release|Any CPU
		{14745E79-0887-490C-B792-F735E40F6DC6}.Release|ARM64.Build.0 = Release|Any CPU
		{14745E79-0887-490C-B792-F735E40F6DC6}.Release|iPhone.ActiveCfg = Release|Any CPU
		{14745E79-0887-490C-B792-F735E40F6DC6}.Release|iPhone.Build.0 = Release|Any CPU
		{14745E79-0887-490C-B792-F735E40F6DC6}.Release|iPhoneSimulator.ActiveCfg = Release|Any CPU
		{14745E79-0887-490C-B792-F735E40F6DC6}.Release|iPhoneSimulator.Build.0 = Release|Any CPU
		{14745E79-0887-490C-B792-F735E40F6DC6}.Release|x64.ActiveCfg = Release|Any CPU
		{14745E79-0887-490C-B792-F735E40F6DC6}.Release|x64.Build.0 = Release|Any CPU
		{14745E79-0887-490C-B792-F735E40F6DC6}.Release|x86.ActiveCfg = Release|Any CPU
		{14745E79-0887-490C-B792-F735E40F6DC6}.Release|x86.Build.0 = Release|Any CPU
		{2189102C-8698-4760-A2C5-ADED686F84E2}.Debug|Any CPU.ActiveCfg = Debug|Any CPU
		{2189102C-8698-4760-A2C5-ADED686F84E2}.Debug|Any CPU.Build.0 = Debug|Any CPU
		{2189102C-8698-4760-A2C5-ADED686F84E2}.Debug|ARM.ActiveCfg = Debug|Any CPU
		{2189102C-8698-4760-A2C5-ADED686F84E2}.Debug|ARM.Build.0 = Debug|Any CPU
		{2189102C-8698-4760-A2C5-ADED686F84E2}.Debug|ARM64.ActiveCfg = Debug|Any CPU
		{2189102C-8698-4760-A2C5-ADED686F84E2}.Debug|ARM64.Build.0 = Debug|Any CPU
		{2189102C-8698-4760-A2C5-ADED686F84E2}.Debug|iPhone.ActiveCfg = Debug|Any CPU
		{2189102C-8698-4760-A2C5-ADED686F84E2}.Debug|iPhone.Build.0 = Debug|Any CPU
		{2189102C-8698-4760-A2C5-ADED686F84E2}.Debug|iPhoneSimulator.ActiveCfg = Debug|Any CPU
		{2189102C-8698-4760-A2C5-ADED686F84E2}.Debug|iPhoneSimulator.Build.0 = Debug|Any CPU
		{2189102C-8698-4760-A2C5-ADED686F84E2}.Debug|x64.ActiveCfg = Debug|Any CPU
		{2189102C-8698-4760-A2C5-ADED686F84E2}.Debug|x64.Build.0 = Debug|Any CPU
		{2189102C-8698-4760-A2C5-ADED686F84E2}.Debug|x86.ActiveCfg = Debug|Any CPU
		{2189102C-8698-4760-A2C5-ADED686F84E2}.Debug|x86.Build.0 = Debug|Any CPU
		{2189102C-8698-4760-A2C5-ADED686F84E2}.Release|Any CPU.ActiveCfg = Release|Any CPU
		{2189102C-8698-4760-A2C5-ADED686F84E2}.Release|Any CPU.Build.0 = Release|Any CPU
		{2189102C-8698-4760-A2C5-ADED686F84E2}.Release|ARM.ActiveCfg = Release|Any CPU
		{2189102C-8698-4760-A2C5-ADED686F84E2}.Release|ARM.Build.0 = Release|Any CPU
		{2189102C-8698-4760-A2C5-ADED686F84E2}.Release|ARM64.ActiveCfg = Release|Any CPU
		{2189102C-8698-4760-A2C5-ADED686F84E2}.Release|ARM64.Build.0 = Release|Any CPU
		{2189102C-8698-4760-A2C5-ADED686F84E2}.Release|iPhone.ActiveCfg = Release|Any CPU
		{2189102C-8698-4760-A2C5-ADED686F84E2}.Release|iPhone.Build.0 = Release|Any CPU
		{2189102C-8698-4760-A2C5-ADED686F84E2}.Release|iPhoneSimulator.ActiveCfg = Release|Any CPU
		{2189102C-8698-4760-A2C5-ADED686F84E2}.Release|iPhoneSimulator.Build.0 = Release|Any CPU
		{2189102C-8698-4760-A2C5-ADED686F84E2}.Release|x64.ActiveCfg = Release|Any CPU
		{2189102C-8698-4760-A2C5-ADED686F84E2}.Release|x64.Build.0 = Release|Any CPU
		{2189102C-8698-4760-A2C5-ADED686F84E2}.Release|x86.ActiveCfg = Release|Any CPU
		{2189102C-8698-4760-A2C5-ADED686F84E2}.Release|x86.Build.0 = Release|Any CPU
		{5A2C8846-3341-4137-900C-99656C900ED8}.Debug|Any CPU.ActiveCfg = Debug|Any CPU
		{5A2C8846-3341-4137-900C-99656C900ED8}.Debug|Any CPU.Build.0 = Debug|Any CPU
		{5A2C8846-3341-4137-900C-99656C900ED8}.Debug|Any CPU.Deploy.0 = Debug|Any CPU
		{5A2C8846-3341-4137-900C-99656C900ED8}.Debug|ARM.ActiveCfg = Debug|Any CPU
		{5A2C8846-3341-4137-900C-99656C900ED8}.Debug|ARM.Build.0 = Debug|Any CPU
		{5A2C8846-3341-4137-900C-99656C900ED8}.Debug|ARM.Deploy.0 = Debug|Any CPU
		{5A2C8846-3341-4137-900C-99656C900ED8}.Debug|ARM64.ActiveCfg = Debug|Any CPU
		{5A2C8846-3341-4137-900C-99656C900ED8}.Debug|ARM64.Build.0 = Debug|Any CPU
		{5A2C8846-3341-4137-900C-99656C900ED8}.Debug|ARM64.Deploy.0 = Debug|Any CPU
		{5A2C8846-3341-4137-900C-99656C900ED8}.Debug|iPhone.ActiveCfg = Debug|Any CPU
		{5A2C8846-3341-4137-900C-99656C900ED8}.Debug|iPhone.Build.0 = Debug|Any CPU
		{5A2C8846-3341-4137-900C-99656C900ED8}.Debug|iPhone.Deploy.0 = Debug|Any CPU
		{5A2C8846-3341-4137-900C-99656C900ED8}.Debug|iPhoneSimulator.ActiveCfg = Debug|Any CPU
		{5A2C8846-3341-4137-900C-99656C900ED8}.Debug|iPhoneSimulator.Build.0 = Debug|Any CPU
		{5A2C8846-3341-4137-900C-99656C900ED8}.Debug|iPhoneSimulator.Deploy.0 = Debug|Any CPU
		{5A2C8846-3341-4137-900C-99656C900ED8}.Debug|x64.ActiveCfg = Debug|Any CPU
		{5A2C8846-3341-4137-900C-99656C900ED8}.Debug|x64.Build.0 = Debug|Any CPU
		{5A2C8846-3341-4137-900C-99656C900ED8}.Debug|x64.Deploy.0 = Debug|Any CPU
		{5A2C8846-3341-4137-900C-99656C900ED8}.Debug|x86.ActiveCfg = Debug|Any CPU
		{5A2C8846-3341-4137-900C-99656C900ED8}.Debug|x86.Build.0 = Debug|Any CPU
		{5A2C8846-3341-4137-900C-99656C900ED8}.Debug|x86.Deploy.0 = Debug|Any CPU
		{5A2C8846-3341-4137-900C-99656C900ED8}.Release|Any CPU.ActiveCfg = Release|Any CPU
		{5A2C8846-3341-4137-900C-99656C900ED8}.Release|Any CPU.Build.0 = Release|Any CPU
		{5A2C8846-3341-4137-900C-99656C900ED8}.Release|Any CPU.Deploy.0 = Release|Any CPU
		{5A2C8846-3341-4137-900C-99656C900ED8}.Release|ARM.ActiveCfg = Release|Any CPU
		{5A2C8846-3341-4137-900C-99656C900ED8}.Release|ARM.Build.0 = Release|Any CPU
		{5A2C8846-3341-4137-900C-99656C900ED8}.Release|ARM.Deploy.0 = Release|Any CPU
		{5A2C8846-3341-4137-900C-99656C900ED8}.Release|ARM64.ActiveCfg = Release|Any CPU
		{5A2C8846-3341-4137-900C-99656C900ED8}.Release|ARM64.Build.0 = Release|Any CPU
		{5A2C8846-3341-4137-900C-99656C900ED8}.Release|ARM64.Deploy.0 = Release|Any CPU
		{5A2C8846-3341-4137-900C-99656C900ED8}.Release|iPhone.ActiveCfg = Release|Any CPU
		{5A2C8846-3341-4137-900C-99656C900ED8}.Release|iPhone.Build.0 = Release|Any CPU
		{5A2C8846-3341-4137-900C-99656C900ED8}.Release|iPhone.Deploy.0 = Release|Any CPU
		{5A2C8846-3341-4137-900C-99656C900ED8}.Release|iPhoneSimulator.ActiveCfg = Release|Any CPU
		{5A2C8846-3341-4137-900C-99656C900ED8}.Release|iPhoneSimulator.Build.0 = Release|Any CPU
		{5A2C8846-3341-4137-900C-99656C900ED8}.Release|iPhoneSimulator.Deploy.0 = Release|Any CPU
		{5A2C8846-3341-4137-900C-99656C900ED8}.Release|x64.ActiveCfg = Release|Any CPU
		{5A2C8846-3341-4137-900C-99656C900ED8}.Release|x64.Build.0 = Release|Any CPU
		{5A2C8846-3341-4137-900C-99656C900ED8}.Release|x64.Deploy.0 = Release|Any CPU
		{5A2C8846-3341-4137-900C-99656C900ED8}.Release|x86.ActiveCfg = Release|Any CPU
		{5A2C8846-3341-4137-900C-99656C900ED8}.Release|x86.Build.0 = Release|Any CPU
		{5A2C8846-3341-4137-900C-99656C900ED8}.Release|x86.Deploy.0 = Release|Any CPU
		{F0E0AD11-B511-4311-831D-199EAC9FE286}.Debug|Any CPU.ActiveCfg = Debug|x64
		{F0E0AD11-B511-4311-831D-199EAC9FE286}.Debug|Any CPU.Build.0 = Debug|x64
		{F0E0AD11-B511-4311-831D-199EAC9FE286}.Debug|Any CPU.Deploy.0 = Debug|x64
		{F0E0AD11-B511-4311-831D-199EAC9FE286}.Debug|ARM.ActiveCfg = Debug|x64
		{F0E0AD11-B511-4311-831D-199EAC9FE286}.Debug|ARM.Build.0 = Debug|x64
		{F0E0AD11-B511-4311-831D-199EAC9FE286}.Debug|ARM.Deploy.0 = Debug|x64
		{F0E0AD11-B511-4311-831D-199EAC9FE286}.Debug|ARM64.ActiveCfg = Debug|arm64
		{F0E0AD11-B511-4311-831D-199EAC9FE286}.Debug|ARM64.Build.0 = Debug|arm64
		{F0E0AD11-B511-4311-831D-199EAC9FE286}.Debug|ARM64.Deploy.0 = Debug|arm64
		{F0E0AD11-B511-4311-831D-199EAC9FE286}.Debug|iPhone.ActiveCfg = Debug|x64
		{F0E0AD11-B511-4311-831D-199EAC9FE286}.Debug|iPhone.Build.0 = Debug|x64
		{F0E0AD11-B511-4311-831D-199EAC9FE286}.Debug|iPhone.Deploy.0 = Debug|x64
		{F0E0AD11-B511-4311-831D-199EAC9FE286}.Debug|iPhoneSimulator.ActiveCfg = Debug|x64
		{F0E0AD11-B511-4311-831D-199EAC9FE286}.Debug|iPhoneSimulator.Build.0 = Debug|x64
		{F0E0AD11-B511-4311-831D-199EAC9FE286}.Debug|iPhoneSimulator.Deploy.0 = Debug|x64
		{F0E0AD11-B511-4311-831D-199EAC9FE286}.Debug|x64.ActiveCfg = Debug|x64
		{F0E0AD11-B511-4311-831D-199EAC9FE286}.Debug|x64.Build.0 = Debug|x64
		{F0E0AD11-B511-4311-831D-199EAC9FE286}.Debug|x86.ActiveCfg = Debug|x86
		{F0E0AD11-B511-4311-831D-199EAC9FE286}.Debug|x86.Build.0 = Debug|x86
		{F0E0AD11-B511-4311-831D-199EAC9FE286}.Release|Any CPU.ActiveCfg = Release|x64
		{F0E0AD11-B511-4311-831D-199EAC9FE286}.Release|Any CPU.Build.0 = Release|x64
		{F0E0AD11-B511-4311-831D-199EAC9FE286}.Release|Any CPU.Deploy.0 = Release|x64
		{F0E0AD11-B511-4311-831D-199EAC9FE286}.Release|ARM.ActiveCfg = Release|x64
		{F0E0AD11-B511-4311-831D-199EAC9FE286}.Release|ARM.Build.0 = Release|x64
		{F0E0AD11-B511-4311-831D-199EAC9FE286}.Release|ARM64.ActiveCfg = Release|arm64
		{F0E0AD11-B511-4311-831D-199EAC9FE286}.Release|ARM64.Build.0 = Release|arm64
		{F0E0AD11-B511-4311-831D-199EAC9FE286}.Release|iPhone.ActiveCfg = Release|x64
		{F0E0AD11-B511-4311-831D-199EAC9FE286}.Release|iPhone.Build.0 = Release|x64
		{F0E0AD11-B511-4311-831D-199EAC9FE286}.Release|iPhoneSimulator.ActiveCfg = Release|x64
		{F0E0AD11-B511-4311-831D-199EAC9FE286}.Release|iPhoneSimulator.Build.0 = Release|x64
		{F0E0AD11-B511-4311-831D-199EAC9FE286}.Release|x64.ActiveCfg = Release|x64
		{F0E0AD11-B511-4311-831D-199EAC9FE286}.Release|x64.Build.0 = Release|x64
		{F0E0AD11-B511-4311-831D-199EAC9FE286}.Release|x86.ActiveCfg = Release|x86
		{F0E0AD11-B511-4311-831D-199EAC9FE286}.Release|x86.Build.0 = Release|x86
		{60A46112-41E1-47BD-8FD1-95E5DBB372DC}.Debug|Any CPU.ActiveCfg = Debug|Any CPU
		{60A46112-41E1-47BD-8FD1-95E5DBB372DC}.Debug|Any CPU.Build.0 = Debug|Any CPU
		{60A46112-41E1-47BD-8FD1-95E5DBB372DC}.Debug|ARM.ActiveCfg = Debug|Any CPU
		{60A46112-41E1-47BD-8FD1-95E5DBB372DC}.Debug|ARM.Build.0 = Debug|Any CPU
		{60A46112-41E1-47BD-8FD1-95E5DBB372DC}.Debug|ARM64.ActiveCfg = Debug|Any CPU
		{60A46112-41E1-47BD-8FD1-95E5DBB372DC}.Debug|ARM64.Build.0 = Debug|Any CPU
		{60A46112-41E1-47BD-8FD1-95E5DBB372DC}.Debug|iPhone.ActiveCfg = Debug|Any CPU
		{60A46112-41E1-47BD-8FD1-95E5DBB372DC}.Debug|iPhone.Build.0 = Debug|Any CPU
		{60A46112-41E1-47BD-8FD1-95E5DBB372DC}.Debug|iPhoneSimulator.ActiveCfg = Debug|Any CPU
		{60A46112-41E1-47BD-8FD1-95E5DBB372DC}.Debug|iPhoneSimulator.Build.0 = Debug|Any CPU
		{60A46112-41E1-47BD-8FD1-95E5DBB372DC}.Debug|x64.ActiveCfg = Debug|Any CPU
		{60A46112-41E1-47BD-8FD1-95E5DBB372DC}.Debug|x64.Build.0 = Debug|Any CPU
		{60A46112-41E1-47BD-8FD1-95E5DBB372DC}.Debug|x86.ActiveCfg = Debug|Any CPU
		{60A46112-41E1-47BD-8FD1-95E5DBB372DC}.Debug|x86.Build.0 = Debug|Any CPU
		{60A46112-41E1-47BD-8FD1-95E5DBB372DC}.Release|Any CPU.ActiveCfg = Release|Any CPU
		{60A46112-41E1-47BD-8FD1-95E5DBB372DC}.Release|Any CPU.Build.0 = Release|Any CPU
		{60A46112-41E1-47BD-8FD1-95E5DBB372DC}.Release|ARM.ActiveCfg = Release|Any CPU
		{60A46112-41E1-47BD-8FD1-95E5DBB372DC}.Release|ARM.Build.0 = Release|Any CPU
		{60A46112-41E1-47BD-8FD1-95E5DBB372DC}.Release|ARM64.ActiveCfg = Release|Any CPU
		{60A46112-41E1-47BD-8FD1-95E5DBB372DC}.Release|ARM64.Build.0 = Release|Any CPU
		{60A46112-41E1-47BD-8FD1-95E5DBB372DC}.Release|iPhone.ActiveCfg = Release|Any CPU
		{60A46112-41E1-47BD-8FD1-95E5DBB372DC}.Release|iPhone.Build.0 = Release|Any CPU
		{60A46112-41E1-47BD-8FD1-95E5DBB372DC}.Release|iPhoneSimulator.ActiveCfg = Release|Any CPU
		{60A46112-41E1-47BD-8FD1-95E5DBB372DC}.Release|iPhoneSimulator.Build.0 = Release|Any CPU
		{60A46112-41E1-47BD-8FD1-95E5DBB372DC}.Release|x64.ActiveCfg = Release|Any CPU
		{60A46112-41E1-47BD-8FD1-95E5DBB372DC}.Release|x64.Build.0 = Release|Any CPU
		{60A46112-41E1-47BD-8FD1-95E5DBB372DC}.Release|x86.ActiveCfg = Release|Any CPU
		{60A46112-41E1-47BD-8FD1-95E5DBB372DC}.Release|x86.Build.0 = Release|Any CPU
		{4B81C7B9-CC13-413C-ACC4-B5043E04F82A}.Debug|Any CPU.ActiveCfg = Debug|Any CPU
		{4B81C7B9-CC13-413C-ACC4-B5043E04F82A}.Debug|Any CPU.Build.0 = Debug|Any CPU
		{4B81C7B9-CC13-413C-ACC4-B5043E04F82A}.Debug|ARM.ActiveCfg = Debug|Any CPU
		{4B81C7B9-CC13-413C-ACC4-B5043E04F82A}.Debug|ARM.Build.0 = Debug|Any CPU
		{4B81C7B9-CC13-413C-ACC4-B5043E04F82A}.Debug|ARM64.ActiveCfg = Debug|Any CPU
		{4B81C7B9-CC13-413C-ACC4-B5043E04F82A}.Debug|ARM64.Build.0 = Debug|Any CPU
		{4B81C7B9-CC13-413C-ACC4-B5043E04F82A}.Debug|iPhone.ActiveCfg = Debug|Any CPU
		{4B81C7B9-CC13-413C-ACC4-B5043E04F82A}.Debug|iPhone.Build.0 = Debug|Any CPU
		{4B81C7B9-CC13-413C-ACC4-B5043E04F82A}.Debug|iPhoneSimulator.ActiveCfg = Debug|Any CPU
		{4B81C7B9-CC13-413C-ACC4-B5043E04F82A}.Debug|iPhoneSimulator.Build.0 = Debug|Any CPU
		{4B81C7B9-CC13-413C-ACC4-B5043E04F82A}.Debug|x64.ActiveCfg = Debug|Any CPU
		{4B81C7B9-CC13-413C-ACC4-B5043E04F82A}.Debug|x64.Build.0 = Debug|Any CPU
		{4B81C7B9-CC13-413C-ACC4-B5043E04F82A}.Debug|x86.ActiveCfg = Debug|Any CPU
		{4B81C7B9-CC13-413C-ACC4-B5043E04F82A}.Debug|x86.Build.0 = Debug|Any CPU
		{4B81C7B9-CC13-413C-ACC4-B5043E04F82A}.Release|Any CPU.ActiveCfg = Release|Any CPU
		{4B81C7B9-CC13-413C-ACC4-B5043E04F82A}.Release|Any CPU.Build.0 = Release|Any CPU
		{4B81C7B9-CC13-413C-ACC4-B5043E04F82A}.Release|ARM.ActiveCfg = Release|Any CPU
		{4B81C7B9-CC13-413C-ACC4-B5043E04F82A}.Release|ARM.Build.0 = Release|Any CPU
		{4B81C7B9-CC13-413C-ACC4-B5043E04F82A}.Release|ARM64.ActiveCfg = Release|Any CPU
		{4B81C7B9-CC13-413C-ACC4-B5043E04F82A}.Release|ARM64.Build.0 = Release|Any CPU
		{4B81C7B9-CC13-413C-ACC4-B5043E04F82A}.Release|iPhone.ActiveCfg = Release|Any CPU
		{4B81C7B9-CC13-413C-ACC4-B5043E04F82A}.Release|iPhone.Build.0 = Release|Any CPU
		{4B81C7B9-CC13-413C-ACC4-B5043E04F82A}.Release|iPhoneSimulator.ActiveCfg = Release|Any CPU
		{4B81C7B9-CC13-413C-ACC4-B5043E04F82A}.Release|iPhoneSimulator.Build.0 = Release|Any CPU
		{4B81C7B9-CC13-413C-ACC4-B5043E04F82A}.Release|x64.ActiveCfg = Release|Any CPU
		{4B81C7B9-CC13-413C-ACC4-B5043E04F82A}.Release|x64.Build.0 = Release|Any CPU
		{4B81C7B9-CC13-413C-ACC4-B5043E04F82A}.Release|x86.ActiveCfg = Release|Any CPU
		{4B81C7B9-CC13-413C-ACC4-B5043E04F82A}.Release|x86.Build.0 = Release|Any CPU
	EndGlobalSection
	GlobalSection(SolutionProperties) = preSolution
		HideSolutionNode = FALSE
	EndGlobalSection
	GlobalSection(NestedProjects) = preSolution
		{3B7D8B7F-F3B0-4517-B99B-78528C9CBC3C} = {43A5DE26-671E-44FE-B329-4D2277C8F34D}
		{14745E79-0887-490C-B792-F735E40F6DC6} = {43A5DE26-671E-44FE-B329-4D2277C8F34D}
		{2189102C-8698-4760-A2C5-ADED686F84E2} = {3B7D8B7F-F3B0-4517-B99B-78528C9CBC3C}
		{5A2C8846-3341-4137-900C-99656C900ED8} = {3B7D8B7F-F3B0-4517-B99B-78528C9CBC3C}
		{F0E0AD11-B511-4311-831D-199EAC9FE286} = {3B7D8B7F-F3B0-4517-B99B-78528C9CBC3C}
		{60A46112-41E1-47BD-8FD1-95E5DBB372DC} = {43A5DE26-671E-44FE-B329-4D2277C8F34D}
		{4B81C7B9-CC13-413C-ACC4-B5043E04F82A} = {43A5DE26-671E-44FE-B329-4D2277C8F34D}
	EndGlobalSection
	GlobalSection(ExtensibilityGlobals) = postSolution
		SolutionGuid = {A668120E-6DE2-4A57-BAAB-3AC6A9F860DE}
	EndGlobalSection
EndGlobal
